
Microsoft Visual Studio Solution File, Format Version 12.00
# Visual Studio Version 16
VisualStudioVersion = 16.0.30128.74
MinimumVisualStudioVersion = 10.0.40219.1
Project("{9A19103F-16F7-4668-BE54-9A1E7A4F7556}") = "Ecssr.Web", "Ecssr.Web\Ecssr.Web.csproj", "{7F7E493D-D036-4D56-A431-0EA99B5A644E}"
EndProject
Project("{FAE04EC0-301F-11D3-BF4B-00C04F79EFBC}") = "Ecssr.Data", "..\Ecssr.Data\Ecssr.Data.csproj", "{5FA11309-7397-4A5A-A6C8-46C05250C229}"
EndProject
Project("{FAE04EC0-301F-11D3-BF4B-00C04F79EFBC}") = "Ecssr.Core", "..\Ecssr.Core\Ecssr.Core.csproj", "{37394AA3-DE61-4C24-B8C4-8879A57118A4}"
EndProject
Project("{FAE04EC0-301F-11D3-BF4B-00C04F79EFBC}") = "Ecssr.Api", "Ecssr.Api\Ecssr.Api.csproj", "{5F306F1D-FAA0-4E7F-98D4-EBB13E929087}"
EndProject
Global
	GlobalSection(SolutionConfigurationPlatforms) = preSolution
		Debug|Any CPU = Debug|Any CPU
		Release|Any CPU = Release|Any CPU
	EndGlobalSection
	GlobalSection(ProjectConfigurationPlatforms) = postSolution
		{7F7E493D-D036-4D56-A431-0EA99B5A644E}.Debug|Any CPU.ActiveCfg = Debug|Any CPU
		{7F7E493D-D036-4D56-A431-0EA99B5A644E}.Debug|Any CPU.Build.0 = Debug|Any CPU
		{7F7E493D-D036-4D56-A431-0EA99B5A644E}.Release|Any CPU.ActiveCfg = Release|Any CPU
		{7F7E493D-D036-4D56-A431-0EA99B5A644E}.Release|Any CPU.Build.0 = Release|Any CPU
		{5FA11309-7397-4A5A-A6C8-46C05250C229}.Debug|Any CPU.ActiveCfg = Debug|Any CPU
		{5FA11309-7397-4A5A-A6C8-46C05250C229}.Debug|Any CPU.Build.0 = Debug|Any CPU
		{5FA11309-7397-4A5A-A6C8-46C05250C229}.Release|Any CPU.ActiveCfg = Release|Any CPU
		{5FA11309-7397-4A5A-A6C8-46C05250C229}.Release|Any CPU.Build.0 = Release|Any CPU
		{37394AA3-DE61-4C24-B8C4-8879A57118A4}.Debug|Any CPU.ActiveCfg = Debug|Any CPU
		{37394AA3-DE61-4C24-B8C4-8879A57118A4}.Debug|Any CPU.Build.0 = Debug|Any CPU
		{37394AA3-DE61-4C24-B8C4-8879A57118A4}.Release|Any CPU.ActiveCfg = Release|Any CPU
		{37394AA3-DE61-4C24-B8C4-8879A57118A4}.Release|Any CPU.Build.0 = Release|Any CPU
		{5F306F1D-FAA0-4E7F-98D4-EBB13E929087}.Debug|Any CPU.ActiveCfg = Debug|Any CPU
		{5F306F1D-FAA0-4E7F-98D4-EBB13E929087}.Debug|Any CPU.Build.0 = Debug|Any CPU
		{5F306F1D-FAA0-4E7F-98D4-EBB13E929087}.Release|Any CPU.ActiveCfg = Release|Any CPU
		{5F306F1D-FAA0-4E7F-98D4-EBB13E929087}.Release|Any CPU.Build.0 = Release|Any CPU
	EndGlobalSection
	GlobalSection(SolutionProperties) = preSolution
		HideSolutionNode = FALSE
	EndGlobalSection
	GlobalSection(ExtensibilityGlobals) = postSolution
		SolutionGuid = {A8BB6EE1-0777-43F6-97EC-609051D8B49C}
	EndGlobalSection
EndGlobal
